// !$*UTF8*$!
{
	archiveVersion = 1;
	classes = {
	};
	objectVersion = 55;
	objects = {

/* Begin PBXBuildFile section */
		00A8421A96993654F0922F9F /* Pods_Snapchat1.framework in Frameworks */ = {isa = PBXBuildFile; fileRef = 5D78437C1C88422E2BC98235 /* Pods_Snapchat1.framework */; };
		4820EA882849AC5C00DD029D /* Usuarios.swift in Sources */ = {isa = PBXBuildFile; fileRef = 4820EA872849AC5C00DD029D /* Usuarios.swift */; };
		4820EA8A284FABC800DD029D /* CrearUsuarioViewController.swift in Sources */ = {isa = PBXBuildFile; fileRef = 4820EA89284FABC800DD029D /* CrearUsuarioViewController.swift */; };
		4820EA8C2852BB9500DD029D /* Snap.swift in Sources */ = {isa = PBXBuildFile; fileRef = 4820EA8B2852BB9500DD029D /* Snap.swift */; };
		4820EA8E2852C11F00DD029D /* VerSnapViewController.swift in Sources */ = {isa = PBXBuildFile; fileRef = 4820EA8D2852C11F00DD029D /* VerSnapViewController.swift */; };
		484A88AA2849746B00942FCC /* SnapsViewController.swift in Sources */ = {isa = PBXBuildFile; fileRef = 484A88A92849746B00942FCC /* SnapsViewController.swift */; };
		484A88AC28497A0000942FCC /* ImagenViewController.swift in Sources */ = {isa = PBXBuildFile; fileRef = 484A88AB28497A0000942FCC /* ImagenViewController.swift */; };
		484A88AE28498E7E00942FCC /* ElegirUsuarioViewController.swift in Sources */ = {isa = PBXBuildFile; fileRef = 484A88AD28498E7E00942FCC /* ElegirUsuarioViewController.swift */; };
		48CCD3772847D7BE00D560AF /* GoogleService-Info.plist in Resources */ = {isa = PBXBuildFile; fileRef = 48CCD3762847D7BE00D560AF /* GoogleService-Info.plist */; };
		48F58B8A2840445600001154 /* AppDelegate.swift in Sources */ = {isa = PBXBuildFile; fileRef = 48F58B892840445600001154 /* AppDelegate.swift */; };
		48F58B8C2840445600001154 /* SceneDelegate.swift in Sources */ = {isa = PBXBuildFile; fileRef = 48F58B8B2840445600001154 /* SceneDelegate.swift */; };
		48F58B8E2840445600001154 /* iniciarSesionViewController.swift in Sources */ = {isa = PBXBuildFile; fileRef = 48F58B8D2840445600001154 /* iniciarSesionViewController.swift */; };
		48F58B912840445600001154 /* Main.storyboard in Resources */ = {isa = PBXBuildFile; fileRef = 48F58B8F2840445600001154 /* Main.storyboard */; };
		48F58B932840445700001154 /* Assets.xcassets in Resources */ = {isa = PBXBuildFile; fileRef = 48F58B922840445700001154 /* Assets.xcassets */; };
		48F58B962840445700001154 /* LaunchScreen.storyboard in Resources */ = {isa = PBXBuildFile; fileRef = 48F58B942840445700001154 /* LaunchScreen.storyboard */; };
/* End PBXBuildFile section */

/* Begin PBXFileReference section */
		4820EA872849AC5C00DD029D /* Usuarios.swift */ = {isa = PBXFileReference; lastKnownFileType = sourcecode.swift; path = Usuarios.swift; sourceTree = "<group>"; };
		4820EA89284FABC800DD029D /* CrearUsuarioViewController.swift */ = {isa = PBXFileReference; lastKnownFileType = sourcecode.swift; path = CrearUsuarioViewController.swift; sourceTree = "<group>"; };
		4820EA8B2852BB9500DD029D /* Snap.swift */ = {isa = PBXFileReference; lastKnownFileType = sourcecode.swift; path = Snap.swift; sourceTree = "<group>"; };
		4820EA8D2852C11F00DD029D /* VerSnapViewController.swift */ = {isa = PBXFileReference; lastKnownFileType = sourcecode.swift; path = VerSnapViewController.swift; sourceTree = "<group>"; };
		484A88A8284972AB00942FCC /* Snapchat1.entitlements */ = {isa = PBXFileReference; lastKnownFileType = text.plist.entitlements; path = Snapchat1.entitlements; sourceTree = "<group>"; };
		484A88A92849746B00942FCC /* SnapsViewController.swift */ = {isa = PBXFileReference; lastKnownFileType = sourcecode.swift; path = SnapsViewController.swift; sourceTree = "<group>"; };
		484A88AB28497A0000942FCC /* ImagenViewController.swift */ = {isa = PBXFileReference; lastKnownFileType = sourcecode.swift; path = ImagenViewController.swift; sourceTree = "<group>"; };
		484A88AD28498E7E00942FCC /* ElegirUsuarioViewController.swift */ = {isa = PBXFileReference; lastKnownFileType = sourcecode.swift; path = ElegirUsuarioViewController.swift; sourceTree = "<group>"; };
		48CCD3762847D7BE00D560AF /* GoogleService-Info.plist */ = {isa = PBXFileReference; fileEncoding = 4; lastKnownFileType = text.plist.xml; path = "GoogleService-Info.plist"; sourceTree = "<group>"; };
		48F58B862840445600001154 /* Snapchat1.app */ = {isa = PBXFileReference; explicitFileType = wrapper.application; includeInIndex = 0; path = Snapchat1.app; sourceTree = BUILT_PRODUCTS_DIR; };
		48F58B892840445600001154 /* AppDelegate.swift */ = {isa = PBXFileReference; lastKnownFileType = sourcecode.swift; path = AppDelegate.swift; sourceTree = "<group>"; };
		48F58B8B2840445600001154 /* SceneDelegate.swift */ = {isa = PBXFileReference; lastKnownFileType = sourcecode.swift; path = SceneDelegate.swift; sourceTree = "<group>"; };
		48F58B8D2840445600001154 /* iniciarSesionViewController.swift */ = {isa = PBXFileReference; lastKnownFileType = sourcecode.swift; path = iniciarSesionViewController.swift; sourceTree = "<group>"; };
		48F58B902840445600001154 /* Base */ = {isa = PBXFileReference; lastKnownFileType = file.storyboard; name = Base; path = Base.lproj/Main.storyboard; sourceTree = "<group>"; };
		48F58B922840445700001154 /* Assets.xcassets */ = {isa = PBXFileReference; lastKnownFileType = folder.assetcatalog; path = Assets.xcassets; sourceTree = "<group>"; };
		48F58B952840445700001154 /* Base */ = {isa = PBXFileReference; lastKnownFileType = file.storyboard; name = Base; path = Base.lproj/LaunchScreen.storyboard; sourceTree = "<group>"; };
		48F58B972840445700001154 /* Info.plist */ = {isa = PBXFileReference; lastKnownFileType = text.plist.xml; path = Info.plist; sourceTree = "<group>"; };
		5B26FBF67BCA82F1D66EBD15 /* Pods-Snapchat1.release.xcconfig */ = {isa = PBXFileReference; includeInIndex = 1; lastKnownFileType = text.xcconfig; name = "Pods-Snapchat1.release.xcconfig"; path = "Target Support Files/Pods-Snapchat1/Pods-Snapchat1.release.xcconfig"; sourceTree = "<group>"; };
		5D78437C1C88422E2BC98235 /* Pods_Snapchat1.framework */ = {isa = PBXFileReference; explicitFileType = wrapper.framework; includeInIndex = 0; path = Pods_Snapchat1.framework; sourceTree = BUILT_PRODUCTS_DIR; };
		CEA260F95B179E7F7D6B6ADA /* Pods-Snapchat1.debug.xcconfig */ = {isa = PBXFileReference; includeInIndex = 1; lastKnownFileType = text.xcconfig; name = "Pods-Snapchat1.debug.xcconfig"; path = "Target Support Files/Pods-Snapchat1/Pods-Snapchat1.debug.xcconfig"; sourceTree = "<group>"; };
/* End PBXFileReference section */

/* Begin PBXFrameworksBuildPhase section */
		48F58B832840445600001154 /* Frameworks */ = {
			isa = PBXFrameworksBuildPhase;
			buildActionMask = 2147483647;
			files = (
				00A8421A96993654F0922F9F /* Pods_Snapchat1.framework in Frameworks */,
			);
			runOnlyForDeploymentPostprocessing = 0;
		};
/* End PBXFrameworksBuildPhase section */

/* Begin PBXGroup section */
		4820EA852849ABFB00DD029D /* ViewControllers */ = {
			isa = PBXGroup;
			children = (
				48F58B8D2840445600001154 /* iniciarSesionViewController.swift */,
				484A88AD28498E7E00942FCC /* ElegirUsuarioViewController.swift */,
				4820EA89284FABC800DD029D /* CrearUsuarioViewController.swift */,
				484A88AB28497A0000942FCC /* ImagenViewController.swift */,
				484A88A92849746B00942FCC /* SnapsViewController.swift */,
				4820EA8D2852C11F00DD029D /* VerSnapViewController.swift */,
			);
			path = ViewControllers;
			sourceTree = "<group>";
		};
		4820EA862849AC4300DD029D /* Modelos */ = {
			isa = PBXGroup;
			children = (
				4820EA872849AC5C00DD029D /* Usuarios.swift */,
				4820EA8B2852BB9500DD029D /* Snap.swift */,
			);
			path = Modelos;
			sourceTree = "<group>";
		};
		48F58B7D2840445600001154 = {
			isa = PBXGroup;
			children = (
				48F58B882840445600001154 /* Snapchat1 */,
				48F58B872840445600001154 /* Products */,
				8D9B293D52FF237F82E08094 /* Pods */,
				C0AAC6C884E4DCAE068E9771 /* Frameworks */,
			);
			sourceTree = "<group>";
		};
		48F58B872840445600001154 /* Products */ = {
			isa = PBXGroup;
			children = (
				48F58B862840445600001154 /* Snapchat1.app */,
			);
			name = Products;
			sourceTree = "<group>";
		};
		48F58B882840445600001154 /* Snapchat1 */ = {
			isa = PBXGroup;
			children = (
				4820EA862849AC4300DD029D /* Modelos */,
				4820EA852849ABFB00DD029D /* ViewControllers */,
				484A88A8284972AB00942FCC /* Snapchat1.entitlements */,
				48F58B892840445600001154 /* AppDelegate.swift */,
				48F58B8B2840445600001154 /* SceneDelegate.swift */,
				48F58B8F2840445600001154 /* Main.storyboard */,
				48F58B922840445700001154 /* Assets.xcassets */,
				48F58B942840445700001154 /* LaunchScreen.storyboard */,
				48CCD3762847D7BE00D560AF /* GoogleService-Info.plist */,
				48F58B972840445700001154 /* Info.plist */,
			);
			path = Snapchat1;
			sourceTree = "<group>";
		};
		8D9B293D52FF237F82E08094 /* Pods */ = {
			isa = PBXGroup;
			children = (
				CEA260F95B179E7F7D6B6ADA /* Pods-Snapchat1.debug.xcconfig */,
				5B26FBF67BCA82F1D66EBD15 /* Pods-Snapchat1.release.xcconfig */,
			);
			path = Pods;
			sourceTree = "<group>";
		};
		C0AAC6C884E4DCAE068E9771 /* Frameworks */ = {
			isa = PBXGroup;
			children = (
				5D78437C1C88422E2BC98235 /* Pods_Snapchat1.framework */,
			);
			name = Frameworks;
			sourceTree = "<group>";
		};
/* End PBXGroup section */

/* Begin PBXNativeTarget section */
		48F58B852840445600001154 /* Snapchat1 */ = {
			isa = PBXNativeTarget;
			buildConfigurationList = 48F58B9A2840445700001154 /* Build configuration list for PBXNativeTarget "Snapchat1" */;
			buildPhases = (
				77CFC295BC3953BB5F4EB5E4 /* [CP] Check Pods Manifest.lock */,
				48F58B822840445600001154 /* Sources */,
				48F58B832840445600001154 /* Frameworks */,
				48F58B842840445600001154 /* Resources */,
				CE19A9C70C13A51580B4DA4C /* [CP] Embed Pods Frameworks */,
			);
			buildRules = (
			);
			dependencies = (
			);
			name = Snapchat1;
			productName = Snapchat1;
			productReference = 48F58B862840445600001154 /* Snapchat1.app */;
			productType = "com.apple.product-type.application";
		};
/* End PBXNativeTarget section */

/* Begin PBXProject section */
		48F58B7E2840445600001154 /* Project object */ = {
			isa = PBXProject;
			attributes = {
				BuildIndependentTargetsInParallel = 1;
				LastSwiftUpdateCheck = 1340;
				LastUpgradeCheck = 1340;
				TargetAttributes = {
					48F58B852840445600001154 = {
						CreatedOnToolsVersion = 13.4;
					};
				};
			};
			buildConfigurationList = 48F58B812840445600001154 /* Build configuration list for PBXProject "Snapchat1" */;
			compatibilityVersion = "Xcode 13.0";
			developmentRegion = en;
			hasScannedForEncodings = 0;
			knownRegions = (
				en,
				Base,
			);
			mainGroup = 48F58B7D2840445600001154;
			productRefGroup = 48F58B872840445600001154 /* Products */;
			projectDirPath = "";
			projectRoot = "";
			targets = (
				48F58B852840445600001154 /* Snapchat1 */,
			);
		};
/* End PBXProject section */

/* Begin PBXResourcesBuildPhase section */
		48F58B842840445600001154 /* Resources */ = {
			isa = PBXResourcesBuildPhase;
			buildActionMask = 2147483647;
			files = (
				48F58B962840445700001154 /* LaunchScreen.storyboard in Resources */,
				48CCD3772847D7BE00D560AF /* GoogleService-Info.plist in Resources */,
				48F58B932840445700001154 /* Assets.xcassets in Resources */,
				48F58B912840445600001154 /* Main.storyboard in Resources */,
			);
			runOnlyForDeploymentPostprocessing = 0;
		};
/* End PBXResourcesBuildPhase section */

/* Begin PBXShellScriptBuildPhase section */
		77CFC295BC3953BB5F4EB5E4 /* [CP] Check Pods Manifest.lock */ = {
			isa = PBXShellScriptBuildPhase;
			buildActionMask = 2147483647;
			files = (
			);
			inputFileListPaths = (
			);
			inputPaths = (
				"${PODS_PODFILE_DIR_PATH}/Podfile.lock",
				"${PODS_ROOT}/Manifest.lock",
			);
			name = "[CP] Check Pods Manifest.lock";
			outputFileListPaths = (
			);
			outputPaths = (
				"$(DERIVED_FILE_DIR)/Pods-Snapchat1-checkManifestLockResult.txt",
			);
			runOnlyForDeploymentPostprocessing = 0;
			shellPath = /bin/sh;
			shellScript = "diff \"${PODS_PODFILE_DIR_PATH}/Podfile.lock\" \"${PODS_ROOT}/Manifest.lock\" > /dev/null\nif [ $? != 0 ] ; then\n    # print error to STDERR\n    echo \"error: The sandbox is not in sync with the Podfile.lock. Run 'pod install' or update your CocoaPods installation.\" >&2\n    exit 1\nfi\n# This output is used by Xcode 'outputs' to avoid re-running this script phase.\necho \"SUCCESS\" > \"${SCRIPT_OUTPUT_FILE_0}\"\n";
			showEnvVarsInLog = 0;
		};
		CE19A9C70C13A51580B4DA4C /* [CP] Embed Pods Frameworks */ = {
			isa = PBXShellScriptBuildPhase;
			buildActionMask = 2147483647;
			files = (
			);
			inputFileListPaths = (
				"${PODS_ROOT}/Target Support Files/Pods-Snapchat1/Pods-Snapchat1-frameworks-${CONFIGURATION}-input-files.xcfilelist",
			);
			name = "[CP] Embed Pods Frameworks";
			outputFileListPaths = (
				"${PODS_ROOT}/Target Support Files/Pods-Snapchat1/Pods-Snapchat1-frameworks-${CONFIGURATION}-output-files.xcfilelist",
			);
			runOnlyForDeploymentPostprocessing = 0;
			shellPath = /bin/sh;
			shellScript = "\"${PODS_ROOT}/Target Support Files/Pods-Snapchat1/Pods-Snapchat1-frameworks.sh\"\n";
			showEnvVarsInLog = 0;
		};
/* End PBXShellScriptBuildPhase section */

/* Begin PBXSourcesBuildPhase section */
		48F58B822840445600001154 /* Sources */ = {
			isa = PBXSourcesBuildPhase;
			buildActionMask = 2147483647;
			files = (
				484A88AA2849746B00942FCC /* SnapsViewController.swift in Sources */,
				4820EA882849AC5C00DD029D /* Usuarios.swift in Sources */,
				4820EA8C2852BB9500DD029D /* Snap.swift in Sources */,
				484A88AC28497A0000942FCC /* ImagenViewController.swift in Sources */,
				4820EA8E2852C11F00DD029D /* VerSnapViewController.swift in Sources */,
				48F58B8E2840445600001154 /* iniciarSesionViewController.swift in Sources */,
				48F58B8A2840445600001154 /* AppDelegate.swift in Sources */,
				48F58B8C2840445600001154 /* SceneDelegate.swift in Sources */,
				4820EA8A284FABC800DD029D /* CrearUsuarioViewController.swift in Sources */,
				484A88AE28498E7E00942FCC /* ElegirUsuarioViewController.swift in Sources */,
			);
			runOnlyForDeploymentPostprocessing = 0;
		};
/* End PBXSourcesBuildPhase section */

/* Begin PBXVariantGroup section */
		48F58B8F2840445600001154 /* Main.storyboard */ = {
			isa = PBXVariantGroup;
			children = (
				48F58B902840445600001154 /* Base */,
			);
			name = Main.storyboard;
			sourceTree = "<group>";
		};
		48F58B942840445700001154 /* LaunchScreen.storyboard */ = {
			isa = PBXVariantGroup;
			children = (
				48F58B952840445700001154 /* Base */,
			);
			name = LaunchScreen.storyboard;
			sourceTree = "<group>";
		};
/* End PBXVariantGroup section */

/* Begin XCBuildConfiguration section */
		48F58B982840445700001154 /* Debug */ = {
			isa = XCBuildConfiguration;
			buildSettings = {
				ALWAYS_SEARCH_USER_PATHS = NO;
				CLANG_ANALYZER_NONNULL = YES;
				CLANG_ANALYZER_NUMBER_OBJECT_CONVERSION = YES_AGGRESSIVE;
				CLANG_CXX_LANGUAGE_STANDARD = "gnu++17";
				CLANG_ENABLE_MODULES = YES;
				CLANG_ENABLE_OBJC_ARC = YES;
				CLANG_ENABLE_OBJC_WEAK = YES;
				CLANG_WARN_BLOCK_CAPTURE_AUTORELEASING = YES;
				CLANG_WARN_BOOL_CONVERSION = YES;
				CLANG_WARN_COMMA = YES;
				CLANG_WARN_CONSTANT_CONVERSION = YES;
				CLANG_WARN_DEPRECATED_OBJC_IMPLEMENTATIONS = YES;
				CLANG_WARN_DIRECT_OBJC_ISA_USAGE = YES_ERROR;
				CLANG_WARN_DOCUMENTATION_COMMENTS = YES;
				CLANG_WARN_EMPTY_BODY = YES;
				CLANG_WARN_ENUM_CONVERSION = YES;
				CLANG_WARN_INFINITE_RECURSION = YES;
				CLANG_WARN_INT_CONVERSION = YES;
				CLANG_WARN_NON_LITERAL_NULL_CONVERSION = YES;
				CLANG_WARN_OBJC_IMPLICIT_RETAIN_SELF = YES;
				CLANG_WARN_OBJC_LITERAL_CONVERSION = YES;
				CLANG_WARN_OBJC_ROOT_CLASS = YES_ERROR;
				CLANG_WARN_QUOTED_INCLUDE_IN_FRAMEWORK_HEADER = YES;
				CLANG_WARN_RANGE_LOOP_ANALYSIS = YES;
				CLANG_WARN_STRICT_PROTOTYPES = YES;
				CLANG_WARN_SUSPICIOUS_MOVE = YES;
				CLANG_WARN_UNGUARDED_AVAILABILITY = YES_AGGRESSIVE;
				CLANG_WARN_UNREACHABLE_CODE = YES;
				CLANG_WARN__DUPLICATE_METHOD_MATCH = YES;
				COPY_PHASE_STRIP = NO;
				DEBUG_INFORMATION_FORMAT = dwarf;
				ENABLE_STRICT_OBJC_MSGSEND = YES;
				ENABLE_TESTABILITY = YES;
				GCC_C_LANGUAGE_STANDARD = gnu11;
				GCC_DYNAMIC_NO_PIC = NO;
				GCC_NO_COMMON_BLOCKS = YES;
				GCC_OPTIMIZATION_LEVEL = 0;
				GCC_PREPROCESSOR_DEFINITIONS = (
					"DEBUG=1",
					"$(inherited)",
				);
				GCC_WARN_64_TO_32_BIT_CONVERSION = YES;
				GCC_WARN_ABOUT_RETURN_TYPE = YES_ERROR;
				GCC_WARN_UNDECLARED_SELECTOR = YES;
				GCC_WARN_UNINITIALIZED_AUTOS = YES_AGGRESSIVE;
				GCC_WARN_UNUSED_FUNCTION = YES;
				GCC_WARN_UNUSED_VARIABLE = YES;
				IPHONEOS_DEPLOYMENT_TARGET = 15.5;
				MTL_ENABLE_DEBUG_INFO = INCLUDE_SOURCE;
				MTL_FAST_MATH = YES;
				ONLY_ACTIVE_ARCH = YES;
				SDKROOT = iphoneos;
				SWIFT_ACTIVE_COMPILATION_CONDITIONS = DEBUG;
				SWIFT_OPTIMIZATION_LEVEL = "-Onone";
			};
			name = Debug;
		};
		48F58B992840445700001154 /* Release */ = {
			isa = XCBuildConfiguration;
			buildSettings = {
				ALWAYS_SEARCH_USER_PATHS = NO;
				CLANG_ANALYZER_NONNULL = YES;
				CLANG_ANALYZER_NUMBER_OBJECT_CONVERSION = YES_AGGRESSIVE;
				CLANG_CXX_LANGUAGE_STANDARD = "gnu++17";
				CLANG_ENABLE_MODULES = YES;
				CLANG_ENABLE_OBJC_ARC = YES;
				CLANG_ENABLE_OBJC_WEAK = YES;
				CLANG_WARN_BLOCK_CAPTURE_AUTORELEASING = YES;
				CLANG_WARN_BOOL_CONVERSION = YES;
				CLANG_WARN_COMMA = YES;
				CLANG_WARN_CONSTANT_CONVERSION = YES;
				CLANG_WARN_DEPRECATED_OBJC_IMPLEMENTATIONS = YES;
				CLANG_WARN_DIRECT_OBJC_ISA_USAGE = YES_ERROR;
				CLANG_WARN_DOCUMENTATION_COMMENTS = YES;
				CLANG_WARN_EMPTY_BODY = YES;
				CLANG_WARN_ENUM_CONVERSION = YES;
				CLANG_WARN_INFINITE_RECURSION = YES;
				CLANG_WARN_INT_CONVERSION = YES;
				CLANG_WARN_NON_LITERAL_NULL_CONVERSION = YES;
				CLANG_WARN_OBJC_IMPLICIT_RETAIN_SELF = YES;
				CLANG_WARN_OBJC_LITERAL_CONVERSION = YES;
				CLANG_WARN_OBJC_ROOT_CLASS = YES_ERROR;
				CLANG_WARN_QUOTED_INCLUDE_IN_FRAMEWORK_HEADER = YES;
				CLANG_WARN_RANGE_LOOP_ANALYSIS = YES;
				CLANG_WARN_STRICT_PROTOTYPES = YES;
				CLANG_WARN_SUSPICIOUS_MOVE = YES;
				CLANG_WARN_UNGUARDED_AVAILABILITY = YES_AGGRESSIVE;
				CLANG_WARN_UNREACHABLE_CODE = YES;
				CLANG_WARN__DUPLICATE_METHOD_MATCH = YES;
				COPY_PHASE_STRIP = NO;
				DEBUG_INFORMATION_FORMAT = "dwarf-with-dsym";
				ENABLE_NS_ASSERTIONS = NO;
				ENABLE_STRICT_OBJC_MSGSEND = YES;
				GCC_C_LANGUAGE_STANDARD = gnu11;
				GCC_NO_COMMON_BLOCKS = YES;
				GCC_WARN_64_TO_32_BIT_CONVERSION = YES;
				GCC_WARN_ABOUT_RETURN_TYPE = YES_ERROR;
				GCC_WARN_UNDECLARED_SELECTOR = YES;
				GCC_WARN_UNINITIALIZED_AUTOS = YES_AGGRESSIVE;
				GCC_WARN_UNUSED_FUNCTION = YES;
				GCC_WARN_UNUSED_VARIABLE = YES;
				IPHONEOS_DEPLOYMENT_TARGET = 15.5;
				MTL_ENABLE_DEBUG_INFO = NO;
				MTL_FAST_MATH = YES;
				SDKROOT = iphoneos;
				SWIFT_COMPILATION_MODE = wholemodule;
				SWIFT_OPTIMIZATION_LEVEL = "-O";
				VALIDATE_PRODUCT = YES;
			};
			name = Release;
		};
		48F58B9B2840445700001154 /* Debug */ = {
			isa = XCBuildConfiguration;
			baseConfigurationReference = CEA260F95B179E7F7D6B6ADA /* Pods-Snapchat1.debug.xcconfig */;
			buildSettings = {
				ASSETCATALOG_COMPILER_APPICON_NAME = AppIcon;
				ASSETCATALOG_COMPILER_GLOBAL_ACCENT_COLOR_NAME = AccentColor;
				CODE_SIGN_ENTITLEMENTS = Snapchat1/Snapchat1.entitlements;
				CODE_SIGN_STYLE = Automatic;
				CURRENT_PROJECT_VERSION = 1;
				GENERATE_INFOPLIST_FILE = YES;
				INFOPLIST_FILE = Snapchat1/Info.plist;
				INFOPLIST_KEY_NSPhotoLibraryUsageDescription = "Necesitamos habilitar permisos para el albúm de fotos";
				INFOPLIST_KEY_UIApplicationSupportsIndirectInputEvents = YES;
				INFOPLIST_KEY_UILaunchStoryboardName = LaunchScreen;
				INFOPLIST_KEY_UIMainStoryboardFile = Main;
				INFOPLIST_KEY_UISupportedInterfaceOrientations_iPad = "UIInterfaceOrientationPortrait UIInterfaceOrientationPortraitUpsideDown UIInterfaceOrientationLandscapeLeft UIInterfaceOrientationLandscapeRight";
				INFOPLIST_KEY_UISupportedInterfaceOrientations_iPhone = "UIInterfaceOrientationPortrait UIInterfaceOrientationLandscapeLeft UIInterfaceOrientationLandscapeRight";
				LD_RUNPATH_SEARCH_PATHS = (
					"$(inherited)",
					"@executable_path/Frameworks",
				);
				MARKETING_VERSION = 1.0;
				PRODUCT_BUNDLE_IDENTIFIER = com.tecsup.snapchat1.Snapchat1;
				PRODUCT_NAME = "$(TARGET_NAME)";
				SWIFT_EMIT_LOC_STRINGS = YES;
				SWIFT_VERSION = 5.0;
				TARGETED_DEVICE_FAMILY = "1,2";
			};
			name = Debug;
		};
		48F58B9C2840445700001154 /* Release */ = {
			isa = XCBuildConfiguration;
			baseConfigurationReference = 5B26FBF67BCA82F1D66EBD15 /* Pods-Snapchat1.release.xcconfig */;
			buildSettings = {
				ASSETCATALOG_COMPILER_APPICON_NAME = AppIcon;
				ASSETCATALOG_COMPILER_GLOBAL_ACCENT_COLOR_NAME = AccentColor;
				CODE_SIGN_ENTITLEMENTS = Snapchat1/Snapchat1.entitlements;
				CODE_SIGN_STYLE = Automatic;
				CURRENT_PROJECT_VERSION = 1;
				GENERATE_INFOPLIST_FILE = YES;
				INFOPLIST_FILE = Snapchat1/Info.plist;
				INFOPLIST_KEY_NSPhotoLibraryUsageDescription = "Necesitamos habilitar permisos para el albúm de fotos";
				INFOPLIST_KEY_UIApplicationSupportsIndirectInputEvents = YES;
				INFOPLIST_KEY_UILaunchStoryboardName = LaunchScreen;
				INFOPLIST_KEY_UIMainStoryboardFile = Main;
				INFOPLIST_KEY_UISupportedInterfaceOrientations_iPad = "UIInterfaceOrientationPortrait UIInterfaceOrientationPortraitUpsideDown UIInterfaceOrientationLandscapeLeft UIInterfaceOrientationLandscapeRight";
				INFOPLIST_KEY_UISupportedInterfaceOrientations_iPhone = "UIInterfaceOrientationPortrait UIInterfaceOrientationLandscapeLeft UIInterfaceOrientationLandscapeRight";
				LD_RUNPATH_SEARCH_PATHS = (
					"$(inherited)",
					"@executable_path/Frameworks",
				);
				MARKETING_VERSION = 1.0;
				PRODUCT_BUNDLE_IDENTIFIER = com.tecsup.snapchat1.Snapchat1;
				PRODUCT_NAME = "$(TARGET_NAME)";
				SWIFT_EMIT_LOC_STRINGS = YES;
				SWIFT_VERSION = 5.0;
				TARGETED_DEVICE_FAMILY = "1,2";
			};
			name = Release;
		};
/* End XCBuildConfiguration section */

/* Begin XCConfigurationList section */
		48F58B812840445600001154 /* Build configuration list for PBXProject "Snapchat1" */ = {
			isa = XCConfigurationList;
			buildConfigurations = (
				48F58B982840445700001154 /* Debug */,
				48F58B992840445700001154 /* Release */,
			);
			defaultConfigurationIsVisible = 0;
			defaultConfigurationName = Release;
		};
		48F58B9A2840445700001154 /* Build configuration list for PBXNativeTarget "Snapchat1" */ = {
			isa = XCConfigurationList;
			buildConfigurations = (
				48F58B9B2840445700001154 /* Debug */,
				48F58B9C2840445700001154 /* Release */,
			);
			defaultConfigurationIsVisible = 0;
			defaultConfigurationName = Release;
		};
/* End XCConfigurationList section */
	};
	rootObject = 48F58B7E2840445600001154 /* Project object */;
}
